PODS:
  - FayeSwift (0.2.0):
    - Starscream
    - SwiftyJSON
  - Starscream (1.1.3)
  - SwiftyJSON (2.3.2)

DEPENDENCIES:
  - FayeSwift (from `../`)

EXTERNAL SOURCES:
  FayeSwift:
    :path: "../"

SPEC CHECKSUMS:
  FayeSwift: 0d22961a961aa439d1aeb6992a7cf5454bb648a3
  Starscream: d662732354b40dd19ed1ece3e3c44c80b536b83c
  SwiftyJSON: 04ccea08915aa0109039157c7974cf0298da292a

COCOAPODS: 0.39.0
