PODS:
  - FayeSwift (0.4.0):
    - Starscream (~> 4.0.0)
    - SwiftyJSON (~> 5.0.0)
  - Starscream (4.0.0)
  - SwiftyJSON (5.0.0)

DEPENDENCIES:
  - FayeSwift (from `../`)

SPEC REPOS:
  https://github.com/CocoaPods/Specs.git:
    - Starscream
    - SwiftyJSON

EXTERNAL SOURCES:
  FayeSwift:
    :path: "../"

SPEC CHECKSUMS:
  FayeSwift: ec422983037b3f9d46fb10328497cf6b413128af
  Starscream: 04b26f02727e10a002e6b5d21b188ba0d049910b
  SwiftyJSON: 36413e04c44ee145039d332b4f4e2d3e8d6c4db7

PODFILE CHECKSUM: cda739a33c3a43c81b405d9eee2a84c5b9d19f1b

COCOAPODS: 1.8.4
