PODS:
  - FayeSwift (0.3.0):
    - Starscream (~> 4.0)
    - SwiftyJSON (~> 4.0)
  - Starscream (4.0.4)
  - SwiftyJSON (4.3.0)

DEPENDENCIES:
  - FayeSwift (from `../`)

SPEC REPOS:
  https://github.com/CocoaPods/Specs.git:
    - Starscream
    - SwiftyJSON

EXTERNAL SOURCES:
  FayeSwift:
    :path: "../"

SPEC CHECKSUMS:
  FayeSwift: 958b14d0e4abcdd081dd35779b842bf072e4a3dc
  Starscream: 5178aed56b316f13fa3bc55694e583d35dd414d9
  SwiftyJSON: 6faa0040f8b59dead0ee07436cbf76b73c08fd08

PODFILE CHECKSUM: cda739a33c3a43c81b405d9eee2a84c5b9d19f1b

COCOAPODS: 1.10.0
